
Microsoft Visual Studio Solution File, Format Version 12.00
# Visual Studio 2013
VisualStudioVersion = 12.0.21005.1
MinimumVisualStudioVersion = 10.0.40219.1
Project("{FAE04EC0-301F-11D3-BF4B-00C04F79EFBC}") = "PlanetLab", "PlanetLab\PlanetLab.csproj", "{8D8A9A27-A8CA-4A27-95E5-C2246BDABC85}"
EndProject
Project("{FAE04EC0-301F-11D3-BF4B-00C04F79EFBC}") = "PlanetLab Console", "PlanetLab Console\PlanetLab Console.csproj", "{1CE55FD8-AF34-45B2-841E-38912975DA64}"
EndProject
Project("{FAE04EC0-301F-11D3-BF4B-00C04F79EFBC}") = "DotNetApi", "..\DotNetApi\DotNetApi\DotNetApi.csproj", "{475F767E-2288-4E56-9B90-179A10DCAB49}"
EndProject
Project("{FAE04EC0-301F-11D3-BF4B-00C04F79EFBC}") = "MapApi", "..\DotNetApi\MapApi\MapApi.csproj", "{C5C1839C-4971-4781-B8FA-FF743E257A7E}"
EndProject
Global
	GlobalSection(SolutionConfigurationPlatforms) = preSolution
		Debug|Any CPU = Debug|Any CPU
		Release|Any CPU = Release|Any CPU
	EndGlobalSection
	GlobalSection(ProjectConfigurationPlatforms) = postSolution
		{8D8A9A27-A8CA-4A27-95E5-C2246BDABC85}.Debug|Any CPU.ActiveCfg = Debug|Any CPU
		{8D8A9A27-A8CA-4A27-95E5-C2246BDABC85}.Debug|Any CPU.Build.0 = Debug|Any CPU
		{8D8A9A27-A8CA-4A27-95E5-C2246BDABC85}.Release|Any CPU.ActiveCfg = Release|Any CPU
		{8D8A9A27-A8CA-4A27-95E5-C2246BDABC85}.Release|Any CPU.Build.0 = Release|Any CPU
		{1CE55FD8-AF34-45B2-841E-38912975DA64}.Debug|Any CPU.ActiveCfg = Debug|Any CPU
		{1CE55FD8-AF34-45B2-841E-38912975DA64}.Debug|Any CPU.Build.0 = Debug|Any CPU
		{1CE55FD8-AF34-45B2-841E-38912975DA64}.Release|Any CPU.ActiveCfg = Release|Any CPU
		{1CE55FD8-AF34-45B2-841E-38912975DA64}.Release|Any CPU.Build.0 = Release|Any CPU
		{475F767E-2288-4E56-9B90-179A10DCAB49}.Debug|Any CPU.ActiveCfg = Debug|Any CPU
		{475F767E-2288-4E56-9B90-179A10DCAB49}.Debug|Any CPU.Build.0 = Debug|Any CPU
		{475F767E-2288-4E56-9B90-179A10DCAB49}.Release|Any CPU.ActiveCfg = Release|Any CPU
		{475F767E-2288-4E56-9B90-179A10DCAB49}.Release|Any CPU.Build.0 = Release|Any CPU
		{C5C1839C-4971-4781-B8FA-FF743E257A7E}.Debug|Any CPU.ActiveCfg = Debug|Any CPU
		{C5C1839C-4971-4781-B8FA-FF743E257A7E}.Debug|Any CPU.Build.0 = Debug|Any CPU
		{C5C1839C-4971-4781-B8FA-FF743E257A7E}.Release|Any CPU.ActiveCfg = Release|Any CPU
		{C5C1839C-4971-4781-B8FA-FF743E257A7E}.Release|Any CPU.Build.0 = Release|Any CPU
	EndGlobalSection
	GlobalSection(SolutionProperties) = preSolution
		HideSolutionNode = FALSE
	EndGlobalSection
EndGlobal
